
Microsoft Visual Studio Solution File, Format Version 12.00
# Visual Studio Version 17
VisualStudioVersion = 17.10.34928.147
MinimumVisualStudioVersion = 10.0.40219.1
Project("{8BC9CEB8-8B4A-11D0-8D11-00A0C91BC942}") = "HandleJacker", "HandleJacker\HandleJacker.vcxproj", "{772F6BD5-9D0E-433A-ADAA-49993186DCDD}"
EndProject
Global
	GlobalSection(SolutionConfigurationPlatforms) = preSolution
		Debug|x64 = Debug|x64
		Debug|x86 = Debug|x86
		Release|x64 = Release|x64
		Release|x86 = Release|x86
	EndGlobalSection
	GlobalSection(ProjectConfigurationPlatforms) = postSolution
		{772F6BD5-9D0E-433A-ADAA-49993186DCDD}.Debug|x64.ActiveCfg = Debug|x64
		{772F6BD5-9D0E-433A-ADAA-49993186DCDD}.Debug|x64.Build.0 = Debug|x64
		{772F6BD5-9D0E-433A-ADAA-49993186DCDD}.Debug|x86.ActiveCfg = Debug|Win32
		{772F6BD5-9D0E-433A-ADAA-49993186DCDD}.Debug|x86.Build.0 = Debug|Win32
		{772F6BD5-9D0E-433A-ADAA-49993186DCDD}.Release|x64.ActiveCfg = Release|x64
		{772F6BD5-9D0E-433A-ADAA-49993186DCDD}.Release|x64.Build.0 = Release|x64
		{772F6BD5-9D0E-433A-ADAA-49993186DCDD}.Release|x86.ActiveCfg = Release|Win32
		{772F6BD5-9D0E-433A-ADAA-49993186DCDD}.Release|x86.Build.0 = Release|Win32
	EndGlobalSection
	GlobalSection(SolutionProperties) = preSolution
		HideSolutionNode = FALSE
	EndGlobalSection
	GlobalSection(ExtensibilityGlobals) = postSolution
		SolutionGuid = {597EAC6A-7841-4518-8186-7A9D97489A1D}
	EndGlobalSection
EndGlobal
